# THIS IS AN AUTOGENERATED FILE. DO NOT EDIT THIS FILE DIRECTLY.
# yarn lockfile v1


"@northern/api-client.js@^0.0.1":
  version "0.0.1"
  resolved "https://registry.yarnpkg.com/@northern/api-client.js/-/api-client.js-0.0.1.tgz#45f37d7afeee977993ea29efa6e4868c33b79284"
  dependencies:
    "@northern/http.js" "^0.0.1"

"@northern/http.js@^0.0.1":
  version "0.0.1"
  resolved "https://registry.yarnpkg.com/@northern/http.js/-/http.js-0.0.1.tgz#e45a16cf5643e214e00007cda349dcd6faa41083"
